
Microsoft Visual Studio Solution File, Format Version 12.00
# Visual Studio Version 17
VisualStudioVersion = 17.6.33829.357
MinimumVisualStudioVersion = 10.0.40219.1
Project("{FAE04EC0-301F-11D3-BF4B-00C04F79EFBC}") = "SipayApi", "SipayApi\SipayApi.csproj", "{D30A945E-ACFE-4FFD-8DF7-5BAAE405A8ED}"
EndProject
Global
	GlobalSection(SolutionConfigurationPlatforms) = preSolution
		Debug|Any CPU = Debug|Any CPU
		Release|Any CPU = Release|Any CPU
	EndGlobalSection
	GlobalSection(ProjectConfigurationPlatforms) = postSolution
		{D30A945E-ACFE-4FFD-8DF7-5BAAE405A8ED}.Debug|Any CPU.ActiveCfg = Debug|Any CPU
		{D30A945E-ACFE-4FFD-8DF7-5BAAE405A8ED}.Debug|Any CPU.Build.0 = Debug|Any CPU
		{D30A945E-ACFE-4FFD-8DF7-5BAAE405A8ED}.Release|Any CPU.ActiveCfg = Release|Any CPU
		{D30A945E-ACFE-4FFD-8DF7-5BAAE405A8ED}.Release|Any CPU.Build.0 = Release|Any CPU
	EndGlobalSection
	GlobalSection(SolutionProperties) = preSolution
		HideSolutionNode = FALSE
	EndGlobalSection
	GlobalSection(ExtensibilityGlobals) = postSolution
		SolutionGuid = {36FDB151-0F90-4CA8-AD7A-28CCD119F542}
	EndGlobalSection
EndGlobal
